
Microsoft Visual Studio Solution File, Format Version 12.00
# Visual Studio Version 17
VisualStudioVersion = 17.6.33801.468
MinimumVisualStudioVersion = 10.0.40219.1
Project("{FAE04EC0-301F-11D3-BF4B-00C04F79EFBC}") = "LoadTest", "LoadTest\LoadTest.csproj", "{8BE0801A-80C0-4B3F-A50F-4B134B35DB36}"
EndProject
Global
	GlobalSection(SolutionConfigurationPlatforms) = preSolution
		Debug|Any CPU = Debug|Any CPU
		Release|Any CPU = Release|Any CPU
	EndGlobalSection
	GlobalSection(ProjectConfigurationPlatforms) = postSolution
		{8BE0801A-80C0-4B3F-A50F-4B134B35DB36}.Debug|Any CPU.ActiveCfg = Debug|Any CPU
		{8BE0801A-80C0-4B3F-A50F-4B134B35DB36}.Debug|Any CPU.Build.0 = Debug|Any CPU
		{8BE0801A-80C0-4B3F-A50F-4B134B35DB36}.Release|Any CPU.ActiveCfg = Release|Any CPU
		{8BE0801A-80C0-4B3F-A50F-4B134B35DB36}.Release|Any CPU.Build.0 = Release|Any CPU
	EndGlobalSection
	GlobalSection(SolutionProperties) = preSolution
		HideSolutionNode = FALSE
	EndGlobalSection
	GlobalSection(ExtensibilityGlobals) = postSolution
		SolutionGuid = {C2CDE052-84A4-436C-9699-DED3A837BCDE}
	EndGlobalSection
EndGlobal
