
Microsoft Visual Studio Solution File, Format Version 12.00
# Visual Studio Version 17
VisualStudioVersion = 17.4.33110.190
MinimumVisualStudioVersion = 10.0.40219.1
Project("{FAE04EC0-301F-11D3-BF4B-00C04F79EFBC}") = "deployment.demo", "deployment.demo\deployment.demo.csproj", "{C6A0A6B8-B646-4A85-B80F-521CDBD29604}"
EndProject
Global
	GlobalSection(SolutionConfigurationPlatforms) = preSolution
		Debug|Any CPU = Debug|Any CPU
		Release|Any CPU = Release|Any CPU
	EndGlobalSection
	GlobalSection(ProjectConfigurationPlatforms) = postSolution
		{C6A0A6B8-B646-4A85-B80F-521CDBD29604}.Debug|Any CPU.ActiveCfg = Debug|Any CPU
		{C6A0A6B8-B646-4A85-B80F-521CDBD29604}.Debug|Any CPU.Build.0 = Debug|Any CPU
		{C6A0A6B8-B646-4A85-B80F-521CDBD29604}.Release|Any CPU.ActiveCfg = Release|Any CPU
		{C6A0A6B8-B646-4A85-B80F-521CDBD29604}.Release|Any CPU.Build.0 = Release|Any CPU
	EndGlobalSection
	GlobalSection(SolutionProperties) = preSolution
		HideSolutionNode = FALSE
	EndGlobalSection
	GlobalSection(ExtensibilityGlobals) = postSolution
		SolutionGuid = {1B152C79-A714-460A-B027-BD45E1AA503D}
	EndGlobalSection
EndGlobal
